
Microsoft Visual Studio Solution File, Format Version 12.00
# Visual Studio Version 17
VisualStudioVersion = 17.1.32414.318
MinimumVisualStudioVersion = 10.0.40219.1
Project("{9A19103F-16F7-4668-BE54-9A1E7A4F7556}") = "InvoiceAPI", "InvoiceAPI\InvoiceAPI.csproj", "{E2855B6A-AB0A-4534-A93E-29578EE12BFB}"
EndProject
Project("{9A19103F-16F7-4668-BE54-9A1E7A4F7556}") = "Domain", "Domain\Domain.csproj", "{435C9F03-9F83-40F7-AD77-4F67A32A0454}"
EndProject
Project("{9A19103F-16F7-4668-BE54-9A1E7A4F7556}") = "InvoiceBlazorServer", "InvoiceBlazorServer\InvoiceBlazorServer.csproj", "{B9733EC1-FCB6-4FCA-A944-F8BA3CFDA1C0}"
EndProject
Global
	GlobalSection(SolutionConfigurationPlatforms) = preSolution
		Debug|Any CPU = Debug|Any CPU
		Release|Any CPU = Release|Any CPU
	EndGlobalSection
	GlobalSection(ProjectConfigurationPlatforms) = postSolution
		{E2855B6A-AB0A-4534-A93E-29578EE12BFB}.Debug|Any CPU.ActiveCfg = Debug|Any CPU
		{E2855B6A-AB0A-4534-A93E-29578EE12BFB}.Debug|Any CPU.Build.0 = Debug|Any CPU
		{E2855B6A-AB0A-4534-A93E-29578EE12BFB}.Release|Any CPU.ActiveCfg = Release|Any CPU
		{E2855B6A-AB0A-4534-A93E-29578EE12BFB}.Release|Any CPU.Build.0 = Release|Any CPU
		{435C9F03-9F83-40F7-AD77-4F67A32A0454}.Debug|Any CPU.ActiveCfg = Debug|Any CPU
		{435C9F03-9F83-40F7-AD77-4F67A32A0454}.Debug|Any CPU.Build.0 = Debug|Any CPU
		{435C9F03-9F83-40F7-AD77-4F67A32A0454}.Release|Any CPU.ActiveCfg = Release|Any CPU
		{435C9F03-9F83-40F7-AD77-4F67A32A0454}.Release|Any CPU.Build.0 = Release|Any CPU
		{B9733EC1-FCB6-4FCA-A944-F8BA3CFDA1C0}.Debug|Any CPU.ActiveCfg = Debug|Any CPU
		{B9733EC1-FCB6-4FCA-A944-F8BA3CFDA1C0}.Debug|Any CPU.Build.0 = Debug|Any CPU
		{B9733EC1-FCB6-4FCA-A944-F8BA3CFDA1C0}.Release|Any CPU.ActiveCfg = Release|Any CPU
		{B9733EC1-FCB6-4FCA-A944-F8BA3CFDA1C0}.Release|Any CPU.Build.0 = Release|Any CPU
	EndGlobalSection
	GlobalSection(SolutionProperties) = preSolution
		HideSolutionNode = FALSE
	EndGlobalSection
	GlobalSection(ExtensibilityGlobals) = postSolution
		SolutionGuid = {45A4BCE1-AFED-4C1C-9DF3-0FD937865E44}
	EndGlobalSection
EndGlobal
